// !$*UTF8*$!
{
	archiveVersion = 1;
	classes = {
	};
	objectVersion = 46;
	objects = {

/* Begin PBXBuildFile section */
		8377564F1BFFEEE600E7BBB7 /* LocationController.swift in Sources */ = {isa = PBXBuildFile; fileRef = 8377564E1BFFEEE600E7BBB7 /* LocationController.swift */; };
		8377573E1C1102DA00E7BBB7 /* YelpClient.swift in Sources */ = {isa = PBXBuildFile; fileRef = 8377573D1C1102DA00E7BBB7 /* YelpClient.swift */; };
		83D626FC1BFA96DD0015C00A /* AppDelegate.swift in Sources */ = {isa = PBXBuildFile; fileRef = 83D626FB1BFA96DD0015C00A /* AppDelegate.swift */; };
		83D626FE1BFA96DD0015C00A /* RestaurantViewController.swift in Sources */ = {isa = PBXBuildFile; fileRef = 83D626FD1BFA96DD0015C00A /* RestaurantViewController.swift */; };
		83D627011BFA96DD0015C00A /* Main.storyboard in Resources */ = {isa = PBXBuildFile; fileRef = 83D626FF1BFA96DD0015C00A /* Main.storyboard */; };
		83D627031BFA96DD0015C00A /* Assets.xcassets in Resources */ = {isa = PBXBuildFile; fileRef = 83D627021BFA96DD0015C00A /* Assets.xcassets */; };
		83D627061BFA96DD0015C00A /* LaunchScreen.storyboard in Resources */ = {isa = PBXBuildFile; fileRef = 83D627041BFA96DD0015C00A /* LaunchScreen.storyboard */; };
		83D6270E1BFAD5B60015C00A /* RestaurantDetailViewController.swift in Sources */ = {isa = PBXBuildFile; fileRef = 83D6270D1BFAD5B60015C00A /* RestaurantDetailViewController.swift */; };
		83D627101BFAD5D40015C00A /* Restaurants.swift in Sources */ = {isa = PBXBuildFile; fileRef = 83D6270F1BFAD5D40015C00A /* Restaurants.swift */; };
		83D627121BFBC90B0015C00A /* SettingsTableViewController.swift in Sources */ = {isa = PBXBuildFile; fileRef = 83D627111BFBC90B0015C00A /* SettingsTableViewController.swift */; };
		83FA53AE1BFEBC33002626C0 /* SearchController.swift in Sources */ = {isa = PBXBuildFile; fileRef = 83FA53AD1BFEBC33002626C0 /* SearchController.swift */; };
		83FA53B21BFEBE8C002626C0 /* RestaurantController.swift in Sources */ = {isa = PBXBuildFile; fileRef = 83FA53B11BFEBE8C002626C0 /* RestaurantController.swift */; };
		83FA53B51BFECBBA002626C0 /* RestaurantDetailTableViewController.swift in Sources */ = {isa = PBXBuildFile; fileRef = 83FA53B41BFECBBA002626C0 /* RestaurantDetailTableViewController.swift */; };
/* End PBXBuildFile section */

/* Begin PBXFileReference section */
		8377564E1BFFEEE600E7BBB7 /* LocationController.swift */ = {isa = PBXFileReference; fileEncoding = 4; lastKnownFileType = sourcecode.swift; path = LocationController.swift; sourceTree = "<group>"; };
		8377573D1C1102DA00E7BBB7 /* YelpClient.swift */ = {isa = PBXFileReference; fileEncoding = 4; lastKnownFileType = sourcecode.swift; path = YelpClient.swift; sourceTree = "<group>"; };
		837757411C111E8B00E7BBB7 /* Yelp Bridging Header.h */ = {isa = PBXFileReference; lastKnownFileType = sourcecode.c.h; path = "Yelp Bridging Header.h"; sourceTree = "<group>"; };
		83D626F81BFA96DC0015C00A /* Capstone.app */ = {isa = PBXFileReference; explicitFileType = wrapper.application; includeInIndex = 0; path = Capstone.app; sourceTree = BUILT_PRODUCTS_DIR; };
		83D626FB1BFA96DD0015C00A /* AppDelegate.swift */ = {isa = PBXFileReference; lastKnownFileType = sourcecode.swift; path = AppDelegate.swift; sourceTree = "<group>"; };
		83D626FD1BFA96DD0015C00A /* RestaurantViewController.swift */ = {isa = PBXFileReference; lastKnownFileType = sourcecode.swift; name = RestaurantViewController.swift; path = Capstone/RestaurantViewController.swift; sourceTree = "<group>"; };
		83D627001BFA96DD0015C00A /* Base */ = {isa = PBXFileReference; lastKnownFileType = file.storyboard; name = Base; path = Base.lproj/Main.storyboard; sourceTree = "<group>"; };
		83D627021BFA96DD0015C00A /* Assets.xcassets */ = {isa = PBXFileReference; lastKnownFileType = folder.assetcatalog; path = Assets.xcassets; sourceTree = "<group>"; };
		83D627051BFA96DD0015C00A /* Base */ = {isa = PBXFileReference; lastKnownFileType = file.storyboard; name = Base; path = Base.lproj/LaunchScreen.storyboard; sourceTree = "<group>"; };
		83D627071BFA96DD0015C00A /* Info.plist */ = {isa = PBXFileReference; lastKnownFileType = text.plist.xml; path = Info.plist; sourceTree = "<group>"; };
		83D6270D1BFAD5B60015C00A /* RestaurantDetailViewController.swift */ = {isa = PBXFileReference; fileEncoding = 4; lastKnownFileType = sourcecode.swift; name = RestaurantDetailViewController.swift; path = Capstone/RestaurantDetailViewController.swift; sourceTree = "<group>"; };
		83D6270F1BFAD5D40015C00A /* Restaurants.swift */ = {isa = PBXFileReference; fileEncoding = 4; lastKnownFileType = sourcecode.swift; name = Restaurants.swift; path = Capstone/Restaurants.swift; sourceTree = "<group>"; };
		83D627111BFBC90B0015C00A /* SettingsTableViewController.swift */ = {isa = PBXFileReference; fileEncoding = 4; lastKnownFileType = sourcecode.swift; name = SettingsTableViewController.swift; path = Capstone/SettingsTableViewController.swift; sourceTree = "<group>"; };
		83FA53AD1BFEBC33002626C0 /* SearchController.swift */ = {isa = PBXFileReference; fileEncoding = 4; lastKnownFileType = sourcecode.swift; name = SearchController.swift; path = Capstone/SearchController.swift; sourceTree = "<group>"; };
		83FA53B11BFEBE8C002626C0 /* RestaurantController.swift */ = {isa = PBXFileReference; fileEncoding = 4; lastKnownFileType = sourcecode.swift; path = RestaurantController.swift; sourceTree = "<group>"; };
		83FA53B41BFECBBA002626C0 /* RestaurantDetailTableViewController.swift */ = {isa = PBXFileReference; fileEncoding = 4; lastKnownFileType = sourcecode.swift; name = RestaurantDetailTableViewController.swift; path = Capstone/RestaurantDetailTableViewController.swift; sourceTree = "<group>"; };
/* End PBXFileReference section */

/* Begin PBXFrameworksBuildPhase section */
		83D626F51BFA96DC0015C00A /* Frameworks */ = {
			isa = PBXFrameworksBuildPhase;
			buildActionMask = 2147483647;
			files = (
			);
			runOnlyForDeploymentPostprocessing = 0;
		};
/* End PBXFrameworksBuildPhase section */

/* Begin PBXGroup section */
		8377573F1C1102E600E7BBB7 /* API */ = {
			isa = PBXGroup;
			children = (
				8377573D1C1102DA00E7BBB7 /* YelpClient.swift */,
			);
			name = API;
			sourceTree = "<group>";
		};
		837757401C111E5900E7BBB7 /* Supporting Files */ = {
			isa = PBXGroup;
			children = (
				837757411C111E8B00E7BBB7 /* Yelp Bridging Header.h */,
			);
			name = "Supporting Files";
			sourceTree = "<group>";
		};
		83D626EF1BFA96DC0015C00A = {
			isa = PBXGroup;
			children = (
				837757401C111E5900E7BBB7 /* Supporting Files */,
				8377573F1C1102E600E7BBB7 /* API */,
				83D626FA1BFA96DC0015C00A /* Capstone */,
				83FA53AF1BFEBE1A002626C0 /* Model */,
				83FA53B01BFEBE38002626C0 /* Model Controller */,
				83FA53B31BFEC050002626C0 /* View Controllers */,
				83D626F91BFA96DC0015C00A /* Products */,
			);
			sourceTree = "<group>";
		};
		83D626F91BFA96DC0015C00A /* Products */ = {
			isa = PBXGroup;
			children = (
				83D626F81BFA96DC0015C00A /* Capstone.app */,
			);
			name = Products;
			sourceTree = "<group>";
		};
		83D626FA1BFA96DC0015C00A /* Capstone */ = {
			isa = PBXGroup;
			children = (
				83D626FB1BFA96DD0015C00A /* AppDelegate.swift */,
				83D626FF1BFA96DD0015C00A /* Main.storyboard */,
				83D627021BFA96DD0015C00A /* Assets.xcassets */,
				83D627041BFA96DD0015C00A /* LaunchScreen.storyboard */,
				83D627071BFA96DD0015C00A /* Info.plist */,
			);
			path = Capstone;
			sourceTree = "<group>";
		};
		83FA53AF1BFEBE1A002626C0 /* Model */ = {
			isa = PBXGroup;
			children = (
				83D6270F1BFAD5D40015C00A /* Restaurants.swift */,
			);
			name = Model;
			sourceTree = "<group>";
		};
		83FA53B01BFEBE38002626C0 /* Model Controller */ = {
			isa = PBXGroup;
			children = (
				83FA53AD1BFEBC33002626C0 /* SearchController.swift */,
				8377564E1BFFEEE600E7BBB7 /* LocationController.swift */,
				83FA53B11BFEBE8C002626C0 /* RestaurantController.swift */,
			);
			name = "Model Controller";
			sourceTree = "<group>";
		};
		83FA53B31BFEC050002626C0 /* View Controllers */ = {
			isa = PBXGroup;
			children = (
				83D626FD1BFA96DD0015C00A /* RestaurantViewController.swift */,
				83D6270D1BFAD5B60015C00A /* RestaurantDetailViewController.swift */,
				83D627111BFBC90B0015C00A /* SettingsTableViewController.swift */,
				83FA53B41BFECBBA002626C0 /* RestaurantDetailTableViewController.swift */,
			);
			name = "View Controllers";
			sourceTree = "<group>";
		};
/* End PBXGroup section */

/* Begin PBXNativeTarget section */
		83D626F71BFA96DC0015C00A /* Capstone */ = {
			isa = PBXNativeTarget;
			buildConfigurationList = 83D6270A1BFA96DD0015C00A /* Build configuration list for PBXNativeTarget "Capstone" */;
			buildPhases = (
				83D626F41BFA96DC0015C00A /* Sources */,
				83D626F51BFA96DC0015C00A /* Frameworks */,
				83D626F61BFA96DC0015C00A /* Resources */,
			);
			buildRules = (
			);
			dependencies = (
			);
			name = Capstone;
			productName = Capstone;
			productReference = 83D626F81BFA96DC0015C00A /* Capstone.app */;
			productType = "com.apple.product-type.application";
		};
/* End PBXNativeTarget section */

/* Begin PBXProject section */
		83D626F01BFA96DC0015C00A /* Project object */ = {
			isa = PBXProject;
			attributes = {
				LastSwiftUpdateCheck = 0710;
				LastUpgradeCheck = 0710;
				ORGANIZATIONNAME = "Daniel Lee";
				TargetAttributes = {
					83D626F71BFA96DC0015C00A = {
						CreatedOnToolsVersion = 7.1.1;
					};
				};
			};
			buildConfigurationList = 83D626F31BFA96DC0015C00A /* Build configuration list for PBXProject "Capstone" */;
			compatibilityVersion = "Xcode 3.2";
			developmentRegion = English;
			hasScannedForEncodings = 0;
			knownRegions = (
				en,
				Base,
			);
			mainGroup = 83D626EF1BFA96DC0015C00A;
			productRefGroup = 83D626F91BFA96DC0015C00A /* Products */;
			projectDirPath = "";
			projectRoot = "";
			targets = (
				83D626F71BFA96DC0015C00A /* Capstone */,
			);
		};
/* End PBXProject section */

/* Begin PBXResourcesBuildPhase section */
		83D626F61BFA96DC0015C00A /* Resources */ = {
			isa = PBXResourcesBuildPhase;
			buildActionMask = 2147483647;
			files = (
				83D627061BFA96DD0015C00A /* LaunchScreen.storyboard in Resources */,
				83D627031BFA96DD0015C00A /* Assets.xcassets in Resources */,
				83D627011BFA96DD0015C00A /* Main.storyboard in Resources */,
			);
			runOnlyForDeploymentPostprocessing = 0;
		};
/* End PBXResourcesBuildPhase section */

/* Begin PBXSourcesBuildPhase section */
		83D626F41BFA96DC0015C00A /* Sources */ = {
			isa = PBXSourcesBuildPhase;
			buildActionMask = 2147483647;
			files = (
				8377573E1C1102DA00E7BBB7 /* YelpClient.swift in Sources */,
				83D627101BFAD5D40015C00A /* Restaurants.swift in Sources */,
				83FA53B21BFEBE8C002626C0 /* RestaurantController.swift in Sources */,
				83D627121BFBC90B0015C00A /* SettingsTableViewController.swift in Sources */,
				83FA53AE1BFEBC33002626C0 /* SearchController.swift in Sources */,
				83D626FE1BFA96DD0015C00A /* RestaurantViewController.swift in Sources */,
				83D6270E1BFAD5B60015C00A /* RestaurantDetailViewController.swift in Sources */,
				83D626FC1BFA96DD0015C00A /* AppDelegate.swift in Sources */,
				8377564F1BFFEEE600E7BBB7 /* LocationController.swift in Sources */,
				83FA53B51BFECBBA002626C0 /* RestaurantDetailTableViewController.swift in Sources */,
			);
			runOnlyForDeploymentPostprocessing = 0;
		};
/* End PBXSourcesBuildPhase section */

/* Begin PBXVariantGroup section */
		83D626FF1BFA96DD0015C00A /* Main.storyboard */ = {
			isa = PBXVariantGroup;
			children = (
				83D627001BFA96DD0015C00A /* Base */,
			);
			name = Main.storyboard;
			sourceTree = "<group>";
		};
		83D627041BFA96DD0015C00A /* LaunchScreen.storyboard */ = {
			isa = PBXVariantGroup;
			children = (
				83D627051BFA96DD0015C00A /* Base */,
			);
			name = LaunchScreen.storyboard;
			sourceTree = "<group>";
		};
/* End PBXVariantGroup section */

/* Begin XCBuildConfiguration section */
		83D627081BFA96DD0015C00A /* Debug */ = {
			isa = XCBuildConfiguration;
			buildSettings = {
				ALWAYS_SEARCH_USER_PATHS = NO;
				CLANG_CXX_LANGUAGE_STANDARD = "gnu++0x";
				CLANG_CXX_LIBRARY = "libc++";
				CLANG_ENABLE_MODULES = YES;
				CLANG_ENABLE_OBJC_ARC = YES;
				CLANG_WARN_BOOL_CONVERSION = YES;
				CLANG_WARN_CONSTANT_CONVERSION = YES;
				CLANG_WARN_DIRECT_OBJC_ISA_USAGE = YES_ERROR;
				CLANG_WARN_EMPTY_BODY = YES;
				CLANG_WARN_ENUM_CONVERSION = YES;
				CLANG_WARN_INT_CONVERSION = YES;
				CLANG_WARN_OBJC_ROOT_CLASS = YES_ERROR;
				CLANG_WARN_UNREACHABLE_CODE = YES;
				CLANG_WARN__DUPLICATE_METHOD_MATCH = YES;
				"CODE_SIGN_IDENTITY[sdk=iphoneos*]" = "iPhone Developer";
				COPY_PHASE_STRIP = NO;
				DEBUG_INFORMATION_FORMAT = dwarf;
				ENABLE_STRICT_OBJC_MSGSEND = YES;
				ENABLE_TESTABILITY = YES;
				GCC_C_LANGUAGE_STANDARD = gnu99;
				GCC_DYNAMIC_NO_PIC = NO;
				GCC_NO_COMMON_BLOCKS = YES;
				GCC_OPTIMIZATION_LEVEL = 0;
				GCC_PREPROCESSOR_DEFINITIONS = (
					"DEBUG=1",
					"$(inherited)",
				);
				GCC_WARN_64_TO_32_BIT_CONVERSION = YES;
				GCC_WARN_ABOUT_RETURN_TYPE = YES_ERROR;
				GCC_WARN_UNDECLARED_SELECTOR = YES;
				GCC_WARN_UNINITIALIZED_AUTOS = YES_AGGRESSIVE;
				GCC_WARN_UNUSED_FUNCTION = YES;
				GCC_WARN_UNUSED_VARIABLE = YES;
				IPHONEOS_DEPLOYMENT_TARGET = 9.1;
				MTL_ENABLE_DEBUG_INFO = YES;
				ONLY_ACTIVE_ARCH = YES;
				SDKROOT = iphoneos;
				SWIFT_OPTIMIZATION_LEVEL = "-Onone";
				TARGETED_DEVICE_FAMILY = "1,2";
			};
			name = Debug;
		};
		83D627091BFA96DD0015C00A /* Release */ = {
			isa = XCBuildConfiguration;
			buildSettings = {
				ALWAYS_SEARCH_USER_PATHS = NO;
				CLANG_CXX_LANGUAGE_STANDARD = "gnu++0x";
				CLANG_CXX_LIBRARY = "libc++";
				CLANG_ENABLE_MODULES = YES;
				CLANG_ENABLE_OBJC_ARC = YES;
				CLANG_WARN_BOOL_CONVERSION = YES;
				CLANG_WARN_CONSTANT_CONVERSION = YES;
				CLANG_WARN_DIRECT_OBJC_ISA_USAGE = YES_ERROR;
				CLANG_WARN_EMPTY_BODY = YES;
				CLANG_WARN_ENUM_CONVERSION = YES;
				CLANG_WARN_INT_CONVERSION = YES;
				CLANG_WARN_OBJC_ROOT_CLASS = YES_ERROR;
				CLANG_WARN_UNREACHABLE_CODE = YES;
				CLANG_WARN__DUPLICATE_METHOD_MATCH = YES;
				"CODE_SIGN_IDENTITY[sdk=iphoneos*]" = "iPhone Developer";
				COPY_PHASE_STRIP = NO;
				DEBUG_INFORMATION_FORMAT = "dwarf-with-dsym";
				ENABLE_NS_ASSERTIONS = NO;
				ENABLE_STRICT_OBJC_MSGSEND = YES;
				GCC_C_LANGUAGE_STANDARD = gnu99;
				GCC_NO_COMMON_BLOCKS = YES;
				GCC_WARN_64_TO_32_BIT_CONVERSION = YES;
				GCC_WARN_ABOUT_RETURN_TYPE = YES_ERROR;
				GCC_WARN_UNDECLARED_SELECTOR = YES;
				GCC_WARN_UNINITIALIZED_AUTOS = YES_AGGRESSIVE;
				GCC_WARN_UNUSED_FUNCTION = YES;
				GCC_WARN_UNUSED_VARIABLE = YES;
				IPHONEOS_DEPLOYMENT_TARGET = 9.1;
				MTL_ENABLE_DEBUG_INFO = NO;
				SDKROOT = iphoneos;
				TARGETED_DEVICE_FAMILY = "1,2";
				VALIDATE_PRODUCT = YES;
			};
			name = Release;
		};
		83D6270B1BFA96DD0015C00A /* Debug */ = {
			isa = XCBuildConfiguration;
			buildSettings = {
				ASSETCATALOG_COMPILER_APPICON_NAME = AppIcon;
				INFOPLIST_FILE = Capstone/Info.plist;
				LD_RUNPATH_SEARCH_PATHS = "$(inherited) @executable_path/Frameworks";
				PRODUCT_BUNDLE_IDENTIFIER = com.example.Capstone;
				PRODUCT_NAME = "$(TARGET_NAME)";
			};
			name = Debug;
		};
		83D6270C1BFA96DD0015C00A /* Release */ = {
			isa = XCBuildConfiguration;
			buildSettings = {
				ASSETCATALOG_COMPILER_APPICON_NAME = AppIcon;
				INFOPLIST_FILE = Capstone/Info.plist;
				LD_RUNPATH_SEARCH_PATHS = "$(inherited) @executable_path/Frameworks";
				PRODUCT_BUNDLE_IDENTIFIER = com.example.Capstone;
				PRODUCT_NAME = "$(TARGET_NAME)";
			};
			name = Release;
		};
/* End XCBuildConfiguration section */

/* Begin XCConfigurationList section */
		83D626F31BFA96DC0015C00A /* Build configuration list for PBXProject "Capstone" */ = {
			isa = XCConfigurationList;
			buildConfigurations = (
				83D627081BFA96DD0015C00A /* Debug */,
				83D627091BFA96DD0015C00A /* Release */,
			);
			defaultConfigurationIsVisible = 0;
			defaultConfigurationName = Release;
		};
		83D6270A1BFA96DD0015C00A /* Build configuration list for PBXNativeTarget "Capstone" */ = {
			isa = XCConfigurationList;
			buildConfigurations = (
				83D6270B1BFA96DD0015C00A /* Debug */,
				83D6270C1BFA96DD0015C00A /* Release */,
			);
			defaultConfigurationIsVisible = 0;
			defaultConfigurationName = Release;
		};
/* End XCConfigurationList section */
	};
	rootObject = 83D626F01BFA96DC0015C00A /* Project object */;
}
